<?xml version="1.0" encoding="utf-8"?>
<Project ToolsVersion="4.0" xmlns="http://schemas.microsoft.com/developer/msbuild/2003">
  <ItemGroup>
    <Filter Include="Source Files">
      <UniqueIdentifier>{4FC737F1-C7A5-4376-A066-2A32D752A2FF}</UniqueIdentifier>
      <Extensions>cpp;c;cc;cxx;def;odl;idl;hpj;bat;asm;asmx</Extensions>
    </Filter>
    <Filter Include="Header Files">
      <UniqueIdentifier>{93995380-89BD-4b04-88EB-625FBE52EBFB}</UniqueIdentifier>
      <Extensions>h;hh;hpp;hxx;hm;inl;inc;xsd</Extensions>
    </Filter>
    <Filter Include="Resource Files">
      <UniqueIdentifier>{67DA6AB6-F800-4c08-8B7A-83BB121AAD01}</UniqueIdentifier>
      <Extensions>rc;ico;cur;bmp;dlg;rc2;rct;bin;rgs;gif;jpg;jpeg;jpe;resx;tiff;tif;png;wav;mfcribbon-ms</Extensions>
    </Filter>
  </ItemGroup>
  <ItemGroup>
    <ClInclude Include="SASErrorCollector.h">
      <Filter>Header Files</Filter>
    </ClInclude>
    <ClInclude Include="SASApplication.h">
      <Filter>Header Files</Filter>
    </ClInclude>
    <ClInclude Include="SASConfigReader.h">
      <Filter>Header Files</Filter>
    </ClInclude>
    <ClInclude Include="SASObject.h">
      <Filter>Header Files</Filter>
    </ClInclude>
    <ClInclude Include="SASConnector.h">
      <Filter>Header Files</Filter>
    </ClInclude>
    <ClInclude Include="SASObjectRegistry.h">
      <Filter>Header Files</Filter>
    </ClInclude>
    <ClInclude Include="macros.h">
      <Filter>Header Files</Filter>
    </ClInclude>
    <ClInclude Include="SASTCLDataWriter.h">
      <Filter>Header Files</Filter>
    </ClInclude>
    <ClInclude Include="SASBinData.h">
      <Filter>Header Files</Filter>
    </ClInclude>
    <ClInclude Include="SASTCLDataReader.h">
      <Filter>Header Files</Filter>
    </ClInclude>
    <ClInclude Include="SASTCLList.h">
      <Filter>Header Files</Filter>
    </ClInclude>
    <ClInclude Include="SASAppSettingsConfigReader.h">
      <Filter>Header Files</Filter>
    </ClInclude>
    <ClInclude Include="SASBasicApplication.h">
      <Filter>Header Files</Filter>
    </ClInclude>
    <ClInclude Include="SASTextWriterErrorCollector.h">
      <Filter>Header Files</Filter>
    </ClInclude>
    <ClInclude Include="SASServer.h">
      <Filter>Header Files</Filter>
    </ClInclude>
  </ItemGroup>
  <ItemGroup>
    <ClCompile Include="SASApplication.cpp">
      <Filter>Source Files</Filter>
    </ClCompile>
    <ClCompile Include="SASErrorCollector.cpp">
      <Filter>Source Files</Filter>
    </ClCompile>
    <ClCompile Include="SASObject.cpp">
      <Filter>Source Files</Filter>
    </ClCompile>
    <ClCompile Include="SASObjectRegistry.cpp">
      <Filter>Source Files</Filter>
    </ClCompile>
    <ClCompile Include="SASConnector.cpp">
      <Filter>Source Files</Filter>
    </ClCompile>
    <ClCompile Include="SASConfigReader.cpp">
      <Filter>Source Files</Filter>
    </ClCompile>
    <ClCompile Include="SASBinData.cpp">
      <Filter>Source Files</Filter>
    </ClCompile>
    <ClCompile Include="SASTCLDataWriter.cpp">
      <Filter>Source Files</Filter>
    </ClCompile>
    <ClCompile Include="SASTCLDataReader.cpp">
      <Filter>Source Files</Filter>
    </ClCompile>
    <ClCompile Include="SASTCLList.cpp">
      <Filter>Source Files</Filter>
    </ClCompile>
    <ClCompile Include="SASAppSettingsConfigReader.cpp">
      <Filter>Source Files</Filter>
    </ClCompile>
    <ClCompile Include="SASBasicApplication.cpp">
      <Filter>Source Files</Filter>
    </ClCompile>
    <ClCompile Include="SASTextWriterErrorCollector.cpp">
      <Filter>Source Files</Filter>
    </ClCompile>
    <ClCompile Include="SASServer.cpp">
      <Filter>Source Files</Filter>
    </ClCompile>
  </ItemGroup>
</Project>