
Microsoft Visual Studio Solution File, Format Version 12.00
# Visual Studio Version 16
VisualStudioVersion = 16.0.34031.81
MinimumVisualStudioVersion = 10.0.40219.1
Project("{8BC9CEB8-8B4A-11D0-8D11-00A0C91BC942}") = "sasCore", "..\sasCore\sasCore.vcxproj", "{9D3C7EB7-89C3-4061-A7EA-E2A4058B0EA9}"
EndProject
Project("{8BC9CEB8-8B4A-11D0-8D11-00A0C91BC942}") = "sasBypass", "..\sasBypass\sasBypass.vcxproj", "{7C9092E9-A29D-44BD-961F-57E1ED6B5367}"
	ProjectSection(ProjectDependencies) = postProject
		{9D3C7EB7-89C3-4061-A7EA-E2A4058B0EA9} = {9D3C7EB7-89C3-4061-A7EA-E2A4058B0EA9}
	EndProjectSection
EndProject
Project("{8BC9CEB8-8B4A-11D0-8D11-00A0C91BC942}") = "sasBasics", "..\sasBasics\sasBasics.vcxproj", "{ED7DCD54-1101-4BF3-8FAB-FBB596D14FA0}"
	ProjectSection(ProjectDependencies) = postProject
		{9D3C7EB7-89C3-4061-A7EA-E2A4058B0EA9} = {9D3C7EB7-89C3-4061-A7EA-E2A4058B0EA9}
	EndProjectSection
EndProject
Project("{8BC9CEB8-8B4A-11D0-8D11-00A0C91BC942}") = "sasSQL", "..\sasSQL\sasSQL.vcxproj", "{5ED8863F-2955-4840-B8DC-C341215A90C4}"
	ProjectSection(ProjectDependencies) = postProject
		{9D3C7EB7-89C3-4061-A7EA-E2A4058B0EA9} = {9D3C7EB7-89C3-4061-A7EA-E2A4058B0EA9}
	EndProjectSection
EndProject
Project("{8BC9CEB8-8B4A-11D0-8D11-00A0C91BC942}") = "sasClient", "..\sasClient\sasClient.vcxproj", "{1BF179B2-033B-414F-B2E3-25FB104CF050}"
	ProjectSection(ProjectDependencies) = postProject
		{ED7DCD54-1101-4BF3-8FAB-FBB596D14FA0} = {ED7DCD54-1101-4BF3-8FAB-FBB596D14FA0}
		{9D3C7EB7-89C3-4061-A7EA-E2A4058B0EA9} = {9D3C7EB7-89C3-4061-A7EA-E2A4058B0EA9}
	EndProjectSection
EndProject
Project("{8BC9CEB8-8B4A-11D0-8D11-00A0C91BC942}") = "sasTCLTools", "..\sasTCLTools\sasTCLTools.vcxproj", "{14160758-4BC1-4F6D-B9F0-9FD30AB56851}"
	ProjectSection(ProjectDependencies) = postProject
		{9D3C7EB7-89C3-4061-A7EA-E2A4058B0EA9} = {9D3C7EB7-89C3-4061-A7EA-E2A4058B0EA9}
	EndProjectSection
EndProject
Project("{8BC9CEB8-8B4A-11D0-8D11-00A0C91BC942}") = "sasTCL", "..\sasTCL\sasTCL.vcxproj", "{13F25144-4A64-4CEB-9884-5A8B9978A308}"
	ProjectSection(ProjectDependencies) = postProject
		{14160758-4BC1-4F6D-B9F0-9FD30AB56851} = {14160758-4BC1-4F6D-B9F0-9FD30AB56851}
		{9D3C7EB7-89C3-4061-A7EA-E2A4058B0EA9} = {9D3C7EB7-89C3-4061-A7EA-E2A4058B0EA9}
	EndProjectSection
EndProject
Project("{8BC9CEB8-8B4A-11D0-8D11-00A0C91BC942}") = "sasSQLClient", "..\sasSQLClient\sasSQLClient.vcxproj", "{4F3190E1-FFFE-445C-8FAE-520E649BB850}"
	ProjectSection(ProjectDependencies) = postProject
		{5ED8863F-2955-4840-B8DC-C341215A90C4} = {5ED8863F-2955-4840-B8DC-C341215A90C4}
		{13F25144-4A64-4CEB-9884-5A8B9978A308} = {13F25144-4A64-4CEB-9884-5A8B9978A308}
		{9D3C7EB7-89C3-4061-A7EA-E2A4058B0EA9} = {9D3C7EB7-89C3-4061-A7EA-E2A4058B0EA9}
	EndProjectSection
EndProject
Project("{8BC9CEB8-8B4A-11D0-8D11-00A0C91BC942}") = "sas", "..\sas\sas.vcxproj", "{686296C8-A04C-4FFA-8CDB-8CC2C765751A}"
	ProjectSection(ProjectDependencies) = postProject
		{ED7DCD54-1101-4BF3-8FAB-FBB596D14FA0} = {ED7DCD54-1101-4BF3-8FAB-FBB596D14FA0}
		{9D3C7EB7-89C3-4061-A7EA-E2A4058B0EA9} = {9D3C7EB7-89C3-4061-A7EA-E2A4058B0EA9}
	EndProjectSection
EndProject
Project("{8BC9CEB8-8B4A-11D0-8D11-00A0C91BC942}") = "sasOracle", "..\sasOracle\sasOracle.vcxproj", "{C56A7850-0B86-4FDD-AB3E-24FD77D9DDAF}"
	ProjectSection(ProjectDependencies) = postProject
		{5ED8863F-2955-4840-B8DC-C341215A90C4} = {5ED8863F-2955-4840-B8DC-C341215A90C4}
		{9D3C7EB7-89C3-4061-A7EA-E2A4058B0EA9} = {9D3C7EB7-89C3-4061-A7EA-E2A4058B0EA9}
	EndProjectSection
EndProject
Project("{8BC9CEB8-8B4A-11D0-8D11-00A0C91BC942}") = "sasODBC", "..\sasODBC\sasODBC.vcxproj", "{94FD5F0B-B027-4B48-8828-595D87D14B2B}"
	ProjectSection(ProjectDependencies) = postProject
		{5ED8863F-2955-4840-B8DC-C341215A90C4} = {5ED8863F-2955-4840-B8DC-C341215A90C4}
		{9D3C7EB7-89C3-4061-A7EA-E2A4058B0EA9} = {9D3C7EB7-89C3-4061-A7EA-E2A4058B0EA9}
	EndProjectSection
EndProject
Project("{8BC9CEB8-8B4A-11D0-8D11-00A0C91BC942}") = "sasMySQL", "..\sasMySQL\sasMySQL.vcxproj", "{7DB4157B-37F6-4B14-83A8-FA63C1F3BF51}"
	ProjectSection(ProjectDependencies) = postProject
		{5ED8863F-2955-4840-B8DC-C341215A90C4} = {5ED8863F-2955-4840-B8DC-C341215A90C4}
		{9D3C7EB7-89C3-4061-A7EA-E2A4058B0EA9} = {9D3C7EB7-89C3-4061-A7EA-E2A4058B0EA9}
	EndProjectSection
EndProject
Project("{8BC9CEB8-8B4A-11D0-8D11-00A0C91BC942}") = "sasJSON", "..\sasJSON\sasJSON.vcxproj", "{7B190FA5-F418-4152-B0B0-B6FD20ABC006}"
	ProjectSection(ProjectDependencies) = postProject
		{9D3C7EB7-89C3-4061-A7EA-E2A4058B0EA9} = {9D3C7EB7-89C3-4061-A7EA-E2A4058B0EA9}
	EndProjectSection
EndProject
Project("{8BC9CEB8-8B4A-11D0-8D11-00A0C91BC942}") = "sasMQTT", "..\sasMQTT\sasMQTT.vcxproj", "{A8E1DF99-F824-49C5-ABCE-6FF29ACD4C72}"
	ProjectSection(ProjectDependencies) = postProject
		{9D3C7EB7-89C3-4061-A7EA-E2A4058B0EA9} = {9D3C7EB7-89C3-4061-A7EA-E2A4058B0EA9}
	EndProjectSection
EndProject
Project("{8BC9CEB8-8B4A-11D0-8D11-00A0C91BC942}") = "sasPIDL", "..\sasPIDL\sasPIDL.vcxproj", "{33CF12E4-B5C4-4518-A515-BAC1341644D6}"
	ProjectSection(ProjectDependencies) = postProject
		{9D3C7EB7-89C3-4061-A7EA-E2A4058B0EA9} = {9D3C7EB7-89C3-4061-A7EA-E2A4058B0EA9}
	EndProjectSection
EndProject
Project("{8BC9CEB8-8B4A-11D0-8D11-00A0C91BC942}") = "sasHTTP", "..\sasHTTP\sasHTTP.vcxproj", "{4184ED27-3B0E-481A-A623-C980B62FA68C}"
	ProjectSection(ProjectDependencies) = postProject
		{7B190FA5-F418-4152-B0B0-B6FD20ABC006} = {7B190FA5-F418-4152-B0B0-B6FD20ABC006}
		{9D3C7EB7-89C3-4061-A7EA-E2A4058B0EA9} = {9D3C7EB7-89C3-4061-A7EA-E2A4058B0EA9}
	EndProjectSection
EndProject
Project("{8BC9CEB8-8B4A-11D0-8D11-00A0C91BC942}") = "sasCorba", "..\sasCorba\sasCorba.vcxproj", "{78C805C2-936C-4F5C-98CE-AED1121CC20E}"
	ProjectSection(ProjectDependencies) = postProject
		{9D3C7EB7-89C3-4061-A7EA-E2A4058B0EA9} = {9D3C7EB7-89C3-4061-A7EA-E2A4058B0EA9}
	EndProjectSection
EndProject
Global
	GlobalSection(SolutionConfigurationPlatforms) = preSolution
		Debug|x86 = Debug|x86
		Release|x86 = Release|x86
	EndGlobalSection
	GlobalSection(ProjectConfigurationPlatforms) = postSolution
		{9D3C7EB7-89C3-4061-A7EA-E2A4058B0EA9}.Debug|x86.ActiveCfg = Debug|Win32
		{9D3C7EB7-89C3-4061-A7EA-E2A4058B0EA9}.Debug|x86.Build.0 = Debug|Win32
		{9D3C7EB7-89C3-4061-A7EA-E2A4058B0EA9}.Release|x86.ActiveCfg = Release|Win32
		{9D3C7EB7-89C3-4061-A7EA-E2A4058B0EA9}.Release|x86.Build.0 = Release|Win32
		{7C9092E9-A29D-44BD-961F-57E1ED6B5367}.Debug|x86.ActiveCfg = Debug|Win32
		{7C9092E9-A29D-44BD-961F-57E1ED6B5367}.Debug|x86.Build.0 = Debug|Win32
		{7C9092E9-A29D-44BD-961F-57E1ED6B5367}.Release|x86.ActiveCfg = Release|Win32
		{7C9092E9-A29D-44BD-961F-57E1ED6B5367}.Release|x86.Build.0 = Release|Win32
		{ED7DCD54-1101-4BF3-8FAB-FBB596D14FA0}.Debug|x86.ActiveCfg = Debug|Win32
		{ED7DCD54-1101-4BF3-8FAB-FBB596D14FA0}.Debug|x86.Build.0 = Debug|Win32
		{ED7DCD54-1101-4BF3-8FAB-FBB596D14FA0}.Release|x86.ActiveCfg = Release|Win32
		{ED7DCD54-1101-4BF3-8FAB-FBB596D14FA0}.Release|x86.Build.0 = Release|Win32
		{5ED8863F-2955-4840-B8DC-C341215A90C4}.Debug|x86.ActiveCfg = Debug|Win32
		{5ED8863F-2955-4840-B8DC-C341215A90C4}.Debug|x86.Build.0 = Debug|Win32
		{5ED8863F-2955-4840-B8DC-C341215A90C4}.Release|x86.ActiveCfg = Release|Win32
		{5ED8863F-2955-4840-B8DC-C341215A90C4}.Release|x86.Build.0 = Release|Win32
		{1BF179B2-033B-414F-B2E3-25FB104CF050}.Debug|x86.ActiveCfg = Debug|Win32
		{1BF179B2-033B-414F-B2E3-25FB104CF050}.Debug|x86.Build.0 = Debug|Win32
		{1BF179B2-033B-414F-B2E3-25FB104CF050}.Release|x86.ActiveCfg = Release|Win32
		{1BF179B2-033B-414F-B2E3-25FB104CF050}.Release|x86.Build.0 = Release|Win32
		{14160758-4BC1-4F6D-B9F0-9FD30AB56851}.Debug|x86.ActiveCfg = Debug|Win32
		{14160758-4BC1-4F6D-B9F0-9FD30AB56851}.Debug|x86.Build.0 = Debug|Win32
		{14160758-4BC1-4F6D-B9F0-9FD30AB56851}.Release|x86.ActiveCfg = Release|Win32
		{14160758-4BC1-4F6D-B9F0-9FD30AB56851}.Release|x86.Build.0 = Release|Win32
		{13F25144-4A64-4CEB-9884-5A8B9978A308}.Debug|x86.ActiveCfg = Debug|Win32
		{13F25144-4A64-4CEB-9884-5A8B9978A308}.Debug|x86.Build.0 = Debug|Win32
		{13F25144-4A64-4CEB-9884-5A8B9978A308}.Release|x86.ActiveCfg = Release|Win32
		{13F25144-4A64-4CEB-9884-5A8B9978A308}.Release|x86.Build.0 = Release|Win32
		{4F3190E1-FFFE-445C-8FAE-520E649BB850}.Debug|x86.ActiveCfg = Debug|Win32
		{4F3190E1-FFFE-445C-8FAE-520E649BB850}.Debug|x86.Build.0 = Debug|Win32
		{4F3190E1-FFFE-445C-8FAE-520E649BB850}.Release|x86.ActiveCfg = Release|Win32
		{4F3190E1-FFFE-445C-8FAE-520E649BB850}.Release|x86.Build.0 = Release|Win32
		{686296C8-A04C-4FFA-8CDB-8CC2C765751A}.Debug|x86.ActiveCfg = Debug|Win32
		{686296C8-A04C-4FFA-8CDB-8CC2C765751A}.Debug|x86.Build.0 = Debug|Win32
		{686296C8-A04C-4FFA-8CDB-8CC2C765751A}.Release|x86.ActiveCfg = Release|Win32
		{686296C8-A04C-4FFA-8CDB-8CC2C765751A}.Release|x86.Build.0 = Release|Win32
		{C56A7850-0B86-4FDD-AB3E-24FD77D9DDAF}.Debug|x86.ActiveCfg = Debug|Win32
		{C56A7850-0B86-4FDD-AB3E-24FD77D9DDAF}.Debug|x86.Build.0 = Debug|Win32
		{C56A7850-0B86-4FDD-AB3E-24FD77D9DDAF}.Release|x86.ActiveCfg = Release|Win32
		{C56A7850-0B86-4FDD-AB3E-24FD77D9DDAF}.Release|x86.Build.0 = Release|Win32
		{94FD5F0B-B027-4B48-8828-595D87D14B2B}.Debug|x86.ActiveCfg = Debug|Win32
		{94FD5F0B-B027-4B48-8828-595D87D14B2B}.Debug|x86.Build.0 = Debug|Win32
		{94FD5F0B-B027-4B48-8828-595D87D14B2B}.Release|x86.ActiveCfg = Release|Win32
		{94FD5F0B-B027-4B48-8828-595D87D14B2B}.Release|x86.Build.0 = Release|Win32
		{7DB4157B-37F6-4B14-83A8-FA63C1F3BF51}.Debug|x86.ActiveCfg = Debug|Win32
		{7DB4157B-37F6-4B14-83A8-FA63C1F3BF51}.Debug|x86.Build.0 = Debug|Win32
		{7DB4157B-37F6-4B14-83A8-FA63C1F3BF51}.Release|x86.ActiveCfg = Release|Win32
		{7DB4157B-37F6-4B14-83A8-FA63C1F3BF51}.Release|x86.Build.0 = Release|Win32
		{7B190FA5-F418-4152-B0B0-B6FD20ABC006}.Debug|x86.ActiveCfg = Debug|Win32
		{7B190FA5-F418-4152-B0B0-B6FD20ABC006}.Debug|x86.Build.0 = Debug|Win32
		{7B190FA5-F418-4152-B0B0-B6FD20ABC006}.Release|x86.ActiveCfg = Release|Win32
		{7B190FA5-F418-4152-B0B0-B6FD20ABC006}.Release|x86.Build.0 = Release|Win32
		{A8E1DF99-F824-49C5-ABCE-6FF29ACD4C72}.Debug|x86.ActiveCfg = Debug|Win32
		{A8E1DF99-F824-49C5-ABCE-6FF29ACD4C72}.Debug|x86.Build.0 = Debug|Win32
		{A8E1DF99-F824-49C5-ABCE-6FF29ACD4C72}.Release|x86.ActiveCfg = Release|Win32
		{A8E1DF99-F824-49C5-ABCE-6FF29ACD4C72}.Release|x86.Build.0 = Release|Win32
		{33CF12E4-B5C4-4518-A515-BAC1341644D6}.Debug|x86.ActiveCfg = Debug|Win32
		{33CF12E4-B5C4-4518-A515-BAC1341644D6}.Debug|x86.Build.0 = Debug|Win32
		{33CF12E4-B5C4-4518-A515-BAC1341644D6}.Release|x86.ActiveCfg = Release|Win32
		{33CF12E4-B5C4-4518-A515-BAC1341644D6}.Release|x86.Build.0 = Release|Win32
		{4184ED27-3B0E-481A-A623-C980B62FA68C}.Debug|x86.ActiveCfg = Debug|Win32
		{4184ED27-3B0E-481A-A623-C980B62FA68C}.Debug|x86.Build.0 = Debug|Win32
		{4184ED27-3B0E-481A-A623-C980B62FA68C}.Release|x86.ActiveCfg = Release|Win32
		{4184ED27-3B0E-481A-A623-C980B62FA68C}.Release|x86.Build.0 = Release|Win32
		{78C805C2-936C-4F5C-98CE-AED1121CC20E}.Debug|x86.ActiveCfg = Debug|Win32
		{78C805C2-936C-4F5C-98CE-AED1121CC20E}.Debug|x86.Build.0 = Debug|Win32
		{78C805C2-936C-4F5C-98CE-AED1121CC20E}.Release|x86.ActiveCfg = Release|Win32
		{78C805C2-936C-4F5C-98CE-AED1121CC20E}.Release|x86.Build.0 = Release|Win32
	EndGlobalSection
	GlobalSection(SolutionProperties) = preSolution
		HideSolutionNode = FALSE
	EndGlobalSection
	GlobalSection(ExtensibilityGlobals) = postSolution
		SolutionGuid = {9F8F24FA-5EAE-46F7-972B-B2C748A42142}
	EndGlobalSection
EndGlobal
